
Microsoft Visual Studio Solution File, Format Version 12.00
# Visual Studio Version 16
VisualStudioVersion = 16.0.29806.167
MinimumVisualStudioVersion = 10.0.40219.1
Project("{9A19103F-16F7-4668-BE54-9A1E7A4F7556}") = "Reporter.UI", "Reporter.UI.csproj", "{D0067E4E-9971-47C5-982C-E041519E4A61}"
	ProjectSection(ProjectDependencies) = postProject
		{3EBF06F1-652C-42F7-8C70-B235482DCEEC} = {3EBF06F1-652C-42F7-8C70-B235482DCEEC}
	EndProjectSection
EndProject
Project("{9A19103F-16F7-4668-BE54-9A1E7A4F7556}") = "Reporter.BL", "..\Reporter.BL\Reporter.BL.csproj", "{3EBF06F1-652C-42F7-8C70-B235482DCEEC}"
	ProjectSection(ProjectDependencies) = postProject
		{E05357E4-4BA9-4A52-99A4-454CBA5BE4D5} = {E05357E4-4BA9-4A52-99A4-454CBA5BE4D5}
	EndProjectSection
EndProject
Project("{9A19103F-16F7-4668-BE54-9A1E7A4F7556}") = "Reporter.DL", "..\Reporter.DL\Reporter.DL.csproj", "{E05357E4-4BA9-4A52-99A4-454CBA5BE4D5}"
EndProject
Project("{9A19103F-16F7-4668-BE54-9A1E7A4F7556}") = "Reporter.Common", "..\Reporter.Common\Reporter.Common.csproj", "{E77F8AD7-2183-4E31-9207-220FAB2CC7B5}"
EndProject
Project("{2150E333-8FDC-42A3-9474-1A3956D46DE8}") = "Solution Items", "Solution Items", "{87785EE3-F963-4A11-A78C-B11EAF8C070A}"
	ProjectSection(SolutionItems) = preProject
		.editorconfig = .editorconfig
	EndProjectSection
EndProject
Global
	GlobalSection(SolutionConfigurationPlatforms) = preSolution
		Debug|Any CPU = Debug|Any CPU
		Release|Any CPU = Release|Any CPU
	EndGlobalSection
	GlobalSection(ProjectConfigurationPlatforms) = postSolution
		{D0067E4E-9971-47C5-982C-E041519E4A61}.Debug|Any CPU.ActiveCfg = Debug|Any CPU
		{D0067E4E-9971-47C5-982C-E041519E4A61}.Debug|Any CPU.Build.0 = Debug|Any CPU
		{D0067E4E-9971-47C5-982C-E041519E4A61}.Release|Any CPU.ActiveCfg = Release|Any CPU
		{D0067E4E-9971-47C5-982C-E041519E4A61}.Release|Any CPU.Build.0 = Release|Any CPU
		{3EBF06F1-652C-42F7-8C70-B235482DCEEC}.Debug|Any CPU.ActiveCfg = Debug|Any CPU
		{3EBF06F1-652C-42F7-8C70-B235482DCEEC}.Debug|Any CPU.Build.0 = Debug|Any CPU
		{3EBF06F1-652C-42F7-8C70-B235482DCEEC}.Release|Any CPU.ActiveCfg = Release|Any CPU
		{3EBF06F1-652C-42F7-8C70-B235482DCEEC}.Release|Any CPU.Build.0 = Release|Any CPU
		{E05357E4-4BA9-4A52-99A4-454CBA5BE4D5}.Debug|Any CPU.ActiveCfg = Debug|Any CPU
		{E05357E4-4BA9-4A52-99A4-454CBA5BE4D5}.Debug|Any CPU.Build.0 = Debug|Any CPU
		{E05357E4-4BA9-4A52-99A4-454CBA5BE4D5}.Release|Any CPU.ActiveCfg = Release|Any CPU
		{E05357E4-4BA9-4A52-99A4-454CBA5BE4D5}.Release|Any CPU.Build.0 = Release|Any CPU
		{E77F8AD7-2183-4E31-9207-220FAB2CC7B5}.Debug|Any CPU.ActiveCfg = Debug|Any CPU
		{E77F8AD7-2183-4E31-9207-220FAB2CC7B5}.Debug|Any CPU.Build.0 = Debug|Any CPU
		{E77F8AD7-2183-4E31-9207-220FAB2CC7B5}.Release|Any CPU.ActiveCfg = Release|Any CPU
		{E77F8AD7-2183-4E31-9207-220FAB2CC7B5}.Release|Any CPU.Build.0 = Release|Any CPU
	EndGlobalSection
	GlobalSection(SolutionProperties) = preSolution
		HideSolutionNode = FALSE
	EndGlobalSection
	GlobalSection(ExtensibilityGlobals) = postSolution
		SolutionGuid = {090E4DCE-6100-46E4-B235-8687F71FAC99}
	EndGlobalSection
EndGlobal
